
Microsoft Visual Studio Solution File, Format Version 12.00
# Visual Studio Version 16
VisualStudioVersion = 16.0.31402.337
MinimumVisualStudioVersion = 10.0.40219.1
Project("{FAE04EC0-301F-11D3-BF4B-00C04F79EFBC}") = "Cat_program", "Cat_program\Cat_program.csproj", "{5F80B831-A443-4350-962B-25A674337515}"
EndProject
Global
	GlobalSection(SolutionConfigurationPlatforms) = preSolution
		Debug|Any CPU = Debug|Any CPU
		Release|Any CPU = Release|Any CPU
	EndGlobalSection
	GlobalSection(ProjectConfigurationPlatforms) = postSolution
		{5F80B831-A443-4350-962B-25A674337515}.Debug|Any CPU.ActiveCfg = Debug|Any CPU
		{5F80B831-A443-4350-962B-25A674337515}.Debug|Any CPU.Build.0 = Debug|Any CPU
		{5F80B831-A443-4350-962B-25A674337515}.Release|Any CPU.ActiveCfg = Release|Any CPU
		{5F80B831-A443-4350-962B-25A674337515}.Release|Any CPU.Build.0 = Release|Any CPU
	EndGlobalSection
	GlobalSection(SolutionProperties) = preSolution
		HideSolutionNode = FALSE
	EndGlobalSection
	GlobalSection(ExtensibilityGlobals) = postSolution
		SolutionGuid = {D364149A-E53A-4CD6-B30B-4FC7165C8600}
	EndGlobalSection
EndGlobal
